
Microsoft Visual Studio Solution File, Format Version 12.00
# Visual Studio Version 16
VisualStudioVersion = 16.0.29409.12
MinimumVisualStudioVersion = 10.0.40219.1
Project("{FAE04EC0-301F-11D3-BF4B-00C04F79EFBC}") = "TwoFish", "TwoFish\TwoFish.csproj", "{31D130FA-6B55-4D7D-8AC4-FE70DFFF8603}"
EndProject
Global
	GlobalSection(SolutionConfigurationPlatforms) = preSolution
		Debug|Any CPU = Debug|Any CPU
		Release|Any CPU = Release|Any CPU
	EndGlobalSection
	GlobalSection(ProjectConfigurationPlatforms) = postSolution
		{31D130FA-6B55-4D7D-8AC4-FE70DFFF8603}.Debug|Any CPU.ActiveCfg = Debug|Any CPU
		{31D130FA-6B55-4D7D-8AC4-FE70DFFF8603}.Debug|Any CPU.Build.0 = Debug|Any CPU
		{31D130FA-6B55-4D7D-8AC4-FE70DFFF8603}.Release|Any CPU.ActiveCfg = Release|Any CPU
		{31D130FA-6B55-4D7D-8AC4-FE70DFFF8603}.Release|Any CPU.Build.0 = Release|Any CPU
	EndGlobalSection
	GlobalSection(SolutionProperties) = preSolution
		HideSolutionNode = FALSE
	EndGlobalSection
	GlobalSection(ExtensibilityGlobals) = postSolution
		SolutionGuid = {F5C266B8-8012-4E48-8741-E1811C462D34}
	EndGlobalSection
EndGlobal
