
Microsoft Visual Studio Solution File, Format Version 12.00
# Visual Studio Version 16
VisualStudioVersion = 16.0.29926.136
MinimumVisualStudioVersion = 10.0.40219.1
Project("{FAE04EC0-301F-11D3-BF4B-00C04F79EFBC}") = "EnigmaMachine", "EnigmaMachine.csproj", "{6352B3B7-B721-46A8-9333-B6019592FBBD}"
EndProject
Global
	GlobalSection(SolutionConfigurationPlatforms) = preSolution
		Debug|Any CPU = Debug|Any CPU
		Release|Any CPU = Release|Any CPU
	EndGlobalSection
	GlobalSection(ProjectConfigurationPlatforms) = postSolution
		{6352B3B7-B721-46A8-9333-B6019592FBBD}.Debug|Any CPU.ActiveCfg = Debug|Any CPU
		{6352B3B7-B721-46A8-9333-B6019592FBBD}.Debug|Any CPU.Build.0 = Debug|Any CPU
		{6352B3B7-B721-46A8-9333-B6019592FBBD}.Release|Any CPU.ActiveCfg = Release|Any CPU
		{6352B3B7-B721-46A8-9333-B6019592FBBD}.Release|Any CPU.Build.0 = Release|Any CPU
	EndGlobalSection
	GlobalSection(SolutionProperties) = preSolution
		HideSolutionNode = FALSE
	EndGlobalSection
	GlobalSection(ExtensibilityGlobals) = postSolution
		SolutionGuid = {EE8BD4E8-1779-4917-8070-ECEAEAE286AB}
	EndGlobalSection
EndGlobal
